
Microsoft Visual Studio Solution File, Format Version 12.00
# Visual Studio 14
VisualStudioVersion = 14.0.24720.0
MinimumVisualStudioVersion = 10.0.40219.1
Project("{1863889A-00DF-4350-BA39-669CA949CB81}") = "PHPLMS", "PHPLMS.phpproj", "{4953D9E2-9380-4D5C-9CA4-4E9FA3B156E0}"
EndProject
Global
	GlobalSection(SolutionConfigurationPlatforms) = preSolution
		Release|PHP 5.5 = Release|PHP 5.5
	EndGlobalSection
	GlobalSection(ProjectConfigurationPlatforms) = postSolution
		{4953D9E2-9380-4D5C-9CA4-4E9FA3B156E0}.Release|PHP 5.5.ActiveCfg = Release|PHP 5.5
		{4953D9E2-9380-4D5C-9CA4-4E9FA3B156E0}.Release|PHP 5.5.Deploy.0 = Release|PHP 5.5
	EndGlobalSection
	GlobalSection(SolutionProperties) = preSolution
		HideSolutionNode = FALSE
	EndGlobalSection
EndGlobal
